// !$*UTF8*$!
{
	archiveVersion = 1;
	classes = {
	};
	objectVersion = 77;
	objects = {

/* Begin PBXContainerItemProxy section */
		04B46FDD2DC2AF40003B3538 /* PBXContainerItemProxy */ = {
			isa = PBXContainerItemProxy;
			containerPortal = 04B46FC72DC2AF3E003B3538 /* Project object */;
			proxyType = 1;
			remoteGlobalIDString = 04B46FCE2DC2AF3E003B3538;
			remoteInfo = metrognome;
		};
		04B46FE72DC2AF40003B3538 /* PBXContainerItemProxy */ = {
			isa = PBXContainerItemProxy;
			containerPortal = 04B46FC72DC2AF3E003B3538 /* Project object */;
			proxyType = 1;
			remoteGlobalIDString = 04B46FCE2DC2AF3E003B3538;
			remoteInfo = metrognome;
		};
/* End PBXContainerItemProxy section */

/* Begin PBXFileReference section */
		0452352B2DDAA3FE0002B2B3 /* metrognomo-Info.plist */ = {isa = PBXFileReference; lastKnownFileType = text.plist; path = "metrognomo-Info.plist"; sourceTree = "<group>"; };
		04B46FCF2DC2AF3E003B3538 /* metrognomo.app */ = {isa = PBXFileReference; explicitFileType = wrapper.application; includeInIndex = 0; path = metrognomo.app; sourceTree = BUILT_PRODUCTS_DIR; };
		04B46FDC2DC2AF40003B3538 /* metrognomeTests.xctest */ = {isa = PBXFileReference; explicitFileType = wrapper.cfbundle; includeInIndex = 0; path = metrognomeTests.xctest; sourceTree = BUILT_PRODUCTS_DIR; };
		04B46FE62DC2AF40003B3538 /* metrognomeUITests.xctest */ = {isa = PBXFileReference; explicitFileType = wrapper.cfbundle; includeInIndex = 0; path = metrognomeUITests.xctest; sourceTree = BUILT_PRODUCTS_DIR; };
/* End PBXFileReference section */

/* Begin PBXFileSystemSynchronizedRootGroup section */
		04B46FD12DC2AF3E003B3538 /* metrognome */ = {
			isa = PBXFileSystemSynchronizedRootGroup;
			path = metrognome;
			sourceTree = "<group>";
		};
		04B46FDF2DC2AF40003B3538 /* metrognomeTests */ = {
			isa = PBXFileSystemSynchronizedRootGroup;
			path = metrognomeTests;
			sourceTree = "<group>";
		};
		04B46FE92DC2AF40003B3538 /* metrognomeUITests */ = {
			isa = PBXFileSystemSynchronizedRootGroup;
			path = metrognomeUITests;
			sourceTree = "<group>";
		};
/* End PBXFileSystemSynchronizedRootGroup section */

/* Begin PBXFrameworksBuildPhase section */
		04B46FCC2DC2AF3E003B3538 /* Frameworks */ = {
			isa = PBXFrameworksBuildPhase;
			buildActionMask = 2147483647;
			files = (
			);
			runOnlyForDeploymentPostprocessing = 0;
		};
		04B46FD92DC2AF40003B3538 /* Frameworks */ = {
			isa = PBXFrameworksBuildPhase;
			buildActionMask = 2147483647;
			files = (
			);
			runOnlyForDeploymentPostprocessing = 0;
		};
		04B46FE32DC2AF40003B3538 /* Frameworks */ = {
			isa = PBXFrameworksBuildPhase;
			buildActionMask = 2147483647;
			files = (
			);
			runOnlyForDeploymentPostprocessing = 0;
		};
/* End PBXFrameworksBuildPhase section */

/* Begin PBXGroup section */
		04B46FC62DC2AF3E003B3538 = {
			isa = PBXGroup;
			children = (
				0452352B2DDAA3FE0002B2B3 /* metrognomo-Info.plist */,
				04B46FD12DC2AF3E003B3538 /* metrognome */,
				04B46FDF2DC2AF40003B3538 /* metrognomeTests */,
				04B46FE92DC2AF40003B3538 /* metrognomeUITests */,
				04B46FD02DC2AF3E003B3538 /* Products */,
			);
			sourceTree = "<group>";
		};
		04B46FD02DC2AF3E003B3538 /* Products */ = {
			isa = PBXGroup;
			children = (
				04B46FCF2DC2AF3E003B3538 /* metrognomo.app */,
				04B46FDC2DC2AF40003B3538 /* metrognomeTests.xctest */,
				04B46FE62DC2AF40003B3538 /* metrognomeUITests.xctest */,
			);
			name = Products;
			sourceTree = "<group>";
		};
/* End PBXGroup section */

/* Begin PBXNativeTarget section */
		04B46FCE2DC2AF3E003B3538 /* metrognomo */ = {
			isa = PBXNativeTarget;
			buildConfigurationList = 04B46FF02DC2AF40003B3538 /* Build configuration list for PBXNativeTarget "metrognomo" */;
			buildPhases = (
				04B46FCB2DC2AF3E003B3538 /* Sources */,
				04B46FCC2DC2AF3E003B3538 /* Frameworks */,
				04B46FCD2DC2AF3E003B3538 /* Resources */,
			);
			buildRules = (
			);
			dependencies = (
			);
			fileSystemSynchronizedGroups = (
				04B46FD12DC2AF3E003B3538 /* metrognome */,
			);
			name = metrognomo;
			packageProductDependencies = (
			);
			productName = metrognome;
			productReference = 04B46FCF2DC2AF3E003B3538 /* metrognomo.app */;
			productType = "com.apple.product-type.application";
		};
		04B46FDB2DC2AF40003B3538 /* metrognomeTests */ = {
			isa = PBXNativeTarget;
			buildConfigurationList = 04B46FF32DC2AF40003B3538 /* Build configuration list for PBXNativeTarget "metrognomeTests" */;
			buildPhases = (
				04B46FD82DC2AF40003B3538 /* Sources */,
				04B46FD92DC2AF40003B3538 /* Frameworks */,
				04B46FDA2DC2AF40003B3538 /* Resources */,
			);
			buildRules = (
			);
			dependencies = (
				04B46FDE2DC2AF40003B3538 /* PBXTargetDependency */,
			);
			fileSystemSynchronizedGroups = (
				04B46FDF2DC2AF40003B3538 /* metrognomeTests */,
			);
			name = metrognomeTests;
			packageProductDependencies = (
			);
			productName = metrognomeTests;
			productReference = 04B46FDC2DC2AF40003B3538 /* metrognomeTests.xctest */;
			productType = "com.apple.product-type.bundle.unit-test";
		};
		04B46FE52DC2AF40003B3538 /* metrognomeUITests */ = {
			isa = PBXNativeTarget;
			buildConfigurationList = 04B46FF62DC2AF40003B3538 /* Build configuration list for PBXNativeTarget "metrognomeUITests" */;
			buildPhases = (
				04B46FE22DC2AF40003B3538 /* Sources */,
				04B46FE32DC2AF40003B3538 /* Frameworks */,
				04B46FE42DC2AF40003B3538 /* Resources */,
			);
			buildRules = (
			);
			dependencies = (
				04B46FE82DC2AF40003B3538 /* PBXTargetDependency */,
			);
			fileSystemSynchronizedGroups = (
				04B46FE92DC2AF40003B3538 /* metrognomeUITests */,
			);
			name = metrognomeUITests;
			packageProductDependencies = (
			);
			productName = metrognomeUITests;
			productReference = 04B46FE62DC2AF40003B3538 /* metrognomeUITests.xctest */;
			productType = "com.apple.product-type.bundle.ui-testing";
		};
/* End PBXNativeTarget section */

/* Begin PBXProject section */
		04B46FC72DC2AF3E003B3538 /* Project object */ = {
			isa = PBXProject;
			attributes = {
				BuildIndependentTargetsInParallel = 1;
				LastSwiftUpdateCheck = 1630;
				LastUpgradeCheck = 1630;
				TargetAttributes = {
					04B46FCE2DC2AF3E003B3538 = {
						CreatedOnToolsVersion = 16.3;
					};
					04B46FDB2DC2AF40003B3538 = {
						CreatedOnToolsVersion = 16.3;
						TestTargetID = 04B46FCE2DC2AF3E003B3538;
					};
					04B46FE52DC2AF40003B3538 = {
						CreatedOnToolsVersion = 16.3;
						TestTargetID = 04B46FCE2DC2AF3E003B3538;
					};
				};
			};
			buildConfigurationList = 04B46FCA2DC2AF3E003B3538 /* Build configuration list for PBXProject "metrognome" */;
			developmentRegion = en;
			hasScannedForEncodings = 0;
			knownRegions = (
				en,
				Base,
			);
			mainGroup = 04B46FC62DC2AF3E003B3538;
			minimizedProjectReferenceProxies = 1;
			preferredProjectObjectVersion = 77;
			productRefGroup = 04B46FD02DC2AF3E003B3538 /* Products */;
			projectDirPath = "";
			projectRoot = "";
			targets = (
				04B46FCE2DC2AF3E003B3538 /* metrognomo */,
				04B46FDB2DC2AF40003B3538 /* metrognomeTests */,
				04B46FE52DC2AF40003B3538 /* metrognomeUITests */,
			);
		};
/* End PBXProject section */

/* Begin PBXResourcesBuildPhase section */
		04B46FCD2DC2AF3E003B3538 /* Resources */ = {
			isa = PBXResourcesBuildPhase;
			buildActionMask = 2147483647;
			files = (
			);
			runOnlyForDeploymentPostprocessing = 0;
		};
		04B46FDA2DC2AF40003B3538 /* Resources */ = {
			isa = PBXResourcesBuildPhase;
			buildActionMask = 2147483647;
			files = (
			);
			runOnlyForDeploymentPostprocessing = 0;
		};
		04B46FE42DC2AF40003B3538 /* Resources */ = {
			isa = PBXResourcesBuildPhase;
			buildActionMask = 2147483647;
			files = (
			);
			runOnlyForDeploymentPostprocessing = 0;
		};
/* End PBXResourcesBuildPhase section */

/* Begin PBXSourcesBuildPhase section */
		04B46FCB2DC2AF3E003B3538 /* Sources */ = {
			isa = PBXSourcesBuildPhase;
			buildActionMask = 2147483647;
			files = (
			);
			runOnlyForDeploymentPostprocessing = 0;
		};
		04B46FD82DC2AF40003B3538 /* Sources */ = {
			isa = PBXSourcesBuildPhase;
			buildActionMask = 2147483647;
			files = (
			);
			runOnlyForDeploymentPostprocessing = 0;
		};
		04B46FE22DC2AF40003B3538 /* Sources */ = {
			isa = PBXSourcesBuildPhase;
			buildActionMask = 2147483647;
			files = (
			);
			runOnlyForDeploymentPostprocessing = 0;
		};
/* End PBXSourcesBuildPhase section */

/* Begin PBXTargetDependency section */
		04B46FDE2DC2AF40003B3538 /* PBXTargetDependency */ = {
			isa = PBXTargetDependency;
			target = 04B46FCE2DC2AF3E003B3538 /* metrognomo */;
			targetProxy = 04B46FDD2DC2AF40003B3538 /* PBXContainerItemProxy */;
		};
		04B46FE82DC2AF40003B3538 /* PBXTargetDependency */ = {
			isa = PBXTargetDependency;
			target = 04B46FCE2DC2AF3E003B3538 /* metrognomo */;
			targetProxy = 04B46FE72DC2AF40003B3538 /* PBXContainerItemProxy */;
		};
/* End PBXTargetDependency section */

/* Begin XCBuildConfiguration section */
		04B46FEE2DC2AF40003B3538 /* Debug */ = {
			isa = XCBuildConfiguration;
			buildSettings = {
				ALWAYS_SEARCH_USER_PATHS = NO;
				ASSETCATALOG_COMPILER_GENERATE_SWIFT_ASSET_SYMBOL_EXTENSIONS = YES;
				CLANG_ANALYZER_NONNULL = YES;
				CLANG_ANALYZER_NUMBER_OBJECT_CONVERSION = YES_AGGRESSIVE;
				CLANG_CXX_LANGUAGE_STANDARD = "gnu++20";
				CLANG_ENABLE_MODULES = YES;
				CLANG_ENABLE_OBJC_ARC = YES;
				CLANG_ENABLE_OBJC_WEAK = YES;
				CLANG_WARN_BLOCK_CAPTURE_AUTORELEASING = YES;
				CLANG_WARN_BOOL_CONVERSION = YES;
				CLANG_WARN_COMMA = YES;
				CLANG_WARN_CONSTANT_CONVERSION = YES;
				CLANG_WARN_DEPRECATED_OBJC_IMPLEMENTATIONS = YES;
				CLANG_WARN_DIRECT_OBJC_ISA_USAGE = YES_ERROR;
				CLANG_WARN_DOCUMENTATION_COMMENTS = YES;
				CLANG_WARN_EMPTY_BODY = YES;
				CLANG_WARN_ENUM_CONVERSION = YES;
				CLANG_WARN_INFINITE_RECURSION = YES;
				CLANG_WARN_INT_CONVERSION = YES;
				CLANG_WARN_NON_LITERAL_NULL_CONVERSION = YES;
				CLANG_WARN_OBJC_IMPLICIT_RETAIN_SELF = YES;
				CLANG_WARN_OBJC_LITERAL_CONVERSION = YES;
				CLANG_WARN_OBJC_ROOT_CLASS = YES_ERROR;
				CLANG_WARN_QUOTED_INCLUDE_IN_FRAMEWORK_HEADER = YES;
				CLANG_WARN_RANGE_LOOP_ANALYSIS = YES;
				CLANG_WARN_STRICT_PROTOTYPES = YES;
				CLANG_WARN_SUSPICIOUS_MOVE = YES;
				CLANG_WARN_UNGUARDED_AVAILABILITY = YES_AGGRESSIVE;
				CLANG_WARN_UNREACHABLE_CODE = YES;
				CLANG_WARN__DUPLICATE_METHOD_MATCH = YES;
				COPY_PHASE_STRIP = NO;
				DEBUG_INFORMATION_FORMAT = dwarf;
				DEVELOPMENT_TEAM = 9RH4L8S898;
				ENABLE_STRICT_OBJC_MSGSEND = YES;
				ENABLE_TESTABILITY = YES;
				ENABLE_USER_SCRIPT_SANDBOXING = YES;
				GCC_C_LANGUAGE_STANDARD = gnu17;
				GCC_DYNAMIC_NO_PIC = NO;
				GCC_NO_COMMON_BLOCKS = YES;
				GCC_OPTIMIZATION_LEVEL = 0;
				GCC_PREPROCESSOR_DEFINITIONS = (
					"DEBUG=1",
					"$(inherited)",
				);
				GCC_WARN_64_TO_32_BIT_CONVERSION = YES;
				GCC_WARN_ABOUT_RETURN_TYPE = YES_ERROR;
				GCC_WARN_UNDECLARED_SELECTOR = YES;
				GCC_WARN_UNINITIALIZED_AUTOS = YES_AGGRESSIVE;
				GCC_WARN_UNUSED_FUNCTION = YES;
				GCC_WARN_UNUSED_VARIABLE = YES;
				IPHONEOS_DEPLOYMENT_TARGET = 18.4;
				LOCALIZATION_PREFERS_STRING_CATALOGS = YES;
				MTL_ENABLE_DEBUG_INFO = INCLUDE_SOURCE;
				MTL_FAST_MATH = YES;
				ONLY_ACTIVE_ARCH = YES;
				SDKROOT = iphoneos;
				SWIFT_ACTIVE_COMPILATION_CONDITIONS = "DEBUG $(inherited)";
				SWIFT_OPTIMIZATION_LEVEL = "-Onone";
			};
			name = Debug;
		};
		04B46FEF2DC2AF40003B3538 /* Release */ = {
			isa = XCBuildConfiguration;
			buildSettings = {
				ALWAYS_SEARCH_USER_PATHS = NO;
				ASSETCATALOG_COMPILER_GENERATE_SWIFT_ASSET_SYMBOL_EXTENSIONS = YES;
				CLANG_ANALYZER_NONNULL = YES;
				CLANG_ANALYZER_NUMBER_OBJECT_CONVERSION = YES_AGGRESSIVE;
				CLANG_CXX_LANGUAGE_STANDARD = "gnu++20";
				CLANG_ENABLE_MODULES = YES;
				CLANG_ENABLE_OBJC_ARC = YES;
				CLANG_ENABLE_OBJC_WEAK = YES;
				CLANG_WARN_BLOCK_CAPTURE_AUTORELEASING = YES;
				CLANG_WARN_BOOL_CONVERSION = YES;
				CLANG_WARN_COMMA = YES;
				CLANG_WARN_CONSTANT_CONVERSION = YES;
				CLANG_WARN_DEPRECATED_OBJC_IMPLEMENTATIONS = YES;
				CLANG_WARN_DIRECT_OBJC_ISA_USAGE = YES_ERROR;
				CLANG_WARN_DOCUMENTATION_COMMENTS = YES;
				CLANG_WARN_EMPTY_BODY = YES;
				CLANG_WARN_ENUM_CONVERSION = YES;
				CLANG_WARN_INFINITE_RECURSION = YES;
				CLANG_WARN_INT_CONVERSION = YES;
				CLANG_WARN_NON_LITERAL_NULL_CONVERSION = YES;
				CLANG_WARN_OBJC_IMPLICIT_RETAIN_SELF = YES;
				CLANG_WARN_OBJC_LITERAL_CONVERSION = YES;
				CLANG_WARN_OBJC_ROOT_CLASS = YES_ERROR;
				CLANG_WARN_QUOTED_INCLUDE_IN_FRAMEWORK_HEADER = YES;
				CLANG_WARN_RANGE_LOOP_ANALYSIS = YES;
				CLANG_WARN_STRICT_PROTOTYPES = YES;
				CLANG_WARN_SUSPICIOUS_MOVE = YES;
				CLANG_WARN_UNGUARDED_AVAILABILITY = YES_AGGRESSIVE;
				CLANG_WARN_UNREACHABLE_CODE = YES;
				CLANG_WARN__DUPLICATE_METHOD_MATCH = YES;
				COPY_PHASE_STRIP = NO;
				DEBUG_INFORMATION_FORMAT = "dwarf-with-dsym";
				DEVELOPMENT_TEAM = 9RH4L8S898;
				ENABLE_NS_ASSERTIONS = NO;
				ENABLE_STRICT_OBJC_MSGSEND = YES;
				ENABLE_USER_SCRIPT_SANDBOXING = YES;
				GCC_C_LANGUAGE_STANDARD = gnu17;
				GCC_NO_COMMON_BLOCKS = YES;
				GCC_WARN_64_TO_32_BIT_CONVERSION = YES;
				GCC_WARN_ABOUT_RETURN_TYPE = YES_ERROR;
				GCC_WARN_UNDECLARED_SELECTOR = YES;
				GCC_WARN_UNINITIALIZED_AUTOS = YES_AGGRESSIVE;
				GCC_WARN_UNUSED_FUNCTION = YES;
				GCC_WARN_UNUSED_VARIABLE = YES;
				IPHONEOS_DEPLOYMENT_TARGET = 18.4;
				LOCALIZATION_PREFERS_STRING_CATALOGS = YES;
				MTL_ENABLE_DEBUG_INFO = NO;
				MTL_FAST_MATH = YES;
				SDKROOT = iphoneos;
				SWIFT_COMPILATION_MODE = wholemodule;
				VALIDATE_PRODUCT = YES;
			};
			name = Release;
		};
		04B46FF12DC2AF40003B3538 /* Debug */ = {
			isa = XCBuildConfiguration;
			buildSettings = {
				ASSETCATALOG_COMPILER_APPICON_NAME = AppIcon;
				ASSETCATALOG_COMPILER_GLOBAL_ACCENT_COLOR_NAME = AccentColor;
				CODE_SIGN_STYLE = Automatic;
				CURRENT_PROJECT_VERSION = 1;
				DEVELOPMENT_TEAM = 9RH4L8S898;
				ENABLE_PREVIEWS = YES;
				GENERATE_INFOPLIST_FILE = YES;
				INFOPLIST_FILE = "metrognomo-Info.plist";
				INFOPLIST_KEY_ITSAppUsesNonExemptEncryption = NO;
				INFOPLIST_KEY_LSApplicationCategoryType = "public.app-category.music";
				INFOPLIST_KEY_UIApplicationSceneManifest_Generation = YES;
				INFOPLIST_KEY_UIApplicationSupportsIndirectInputEvents = YES;
				INFOPLIST_KEY_UILaunchScreen_Generation = YES;
				INFOPLIST_KEY_UISupportedInterfaceOrientations_iPad = "UIInterfaceOrientationPortrait UIInterfaceOrientationPortraitUpsideDown UIInterfaceOrientationLandscapeLeft UIInterfaceOrientationLandscapeRight";
				INFOPLIST_KEY_UISupportedInterfaceOrientations_iPhone = "UIInterfaceOrientationPortrait UIInterfaceOrientationLandscapeLeft UIInterfaceOrientationLandscapeRight";
				IPHONEOS_DEPLOYMENT_TARGET = 17.6;
				LD_RUNPATH_SEARCH_PATHS = (
					"$(inherited)",
					"@executable_path/Frameworks",
				);
				MARKETING_VERSION = 1.2;
				PRODUCT_BUNDLE_IDENTIFIER = nielubowicz.metrognome;
				PRODUCT_NAME = "$(TARGET_NAME)";
				SWIFT_EMIT_LOC_STRINGS = YES;
				SWIFT_VERSION = 5.0;
				TARGETED_DEVICE_FAMILY = "1,2";
			};
			name = Debug;
		};
		04B46FF22DC2AF40003B3538 /* Release */ = {
			isa = XCBuildConfiguration;
			buildSettings = {
				ASSETCATALOG_COMPILER_APPICON_NAME = AppIcon;
				ASSETCATALOG_COMPILER_GLOBAL_ACCENT_COLOR_NAME = AccentColor;
				CODE_SIGN_STYLE = Automatic;
				CURRENT_PROJECT_VERSION = 1;
				DEVELOPMENT_TEAM = 9RH4L8S898;
				ENABLE_PREVIEWS = YES;
				GENERATE_INFOPLIST_FILE = YES;
				INFOPLIST_FILE = "metrognomo-Info.plist";
				INFOPLIST_KEY_ITSAppUsesNonExemptEncryption = NO;
				INFOPLIST_KEY_LSApplicationCategoryType = "public.app-category.music";
				INFOPLIST_KEY_UIApplicationSceneManifest_Generation = YES;
				INFOPLIST_KEY_UIApplicationSupportsIndirectInputEvents = YES;
				INFOPLIST_KEY_UILaunchScreen_Generation = YES;
				INFOPLIST_KEY_UISupportedInterfaceOrientations_iPad = "UIInterfaceOrientationPortrait UIInterfaceOrientationPortraitUpsideDown UIInterfaceOrientationLandscapeLeft UIInterfaceOrientationLandscapeRight";
				INFOPLIST_KEY_UISupportedInterfaceOrientations_iPhone = "UIInterfaceOrientationPortrait UIInterfaceOrientationLandscapeLeft UIInterfaceOrientationLandscapeRight";
				IPHONEOS_DEPLOYMENT_TARGET = 17.6;
				LD_RUNPATH_SEARCH_PATHS = (
					"$(inherited)",
					"@executable_path/Frameworks",
				);
				MARKETING_VERSION = 1.2;
				PRODUCT_BUNDLE_IDENTIFIER = nielubowicz.metrognome;
				PRODUCT_NAME = "$(TARGET_NAME)";
				SWIFT_EMIT_LOC_STRINGS = YES;
				SWIFT_VERSION = 5.0;
				TARGETED_DEVICE_FAMILY = "1,2";
			};
			name = Release;
		};
		04B46FF42DC2AF40003B3538 /* Debug */ = {
			isa = XCBuildConfiguration;
			buildSettings = {
				BUNDLE_LOADER = "$(TEST_HOST)";
				CODE_SIGN_STYLE = Automatic;
				CURRENT_PROJECT_VERSION = 1;
				DEVELOPMENT_TEAM = 9RH4L8S898;
				GENERATE_INFOPLIST_FILE = YES;
				IPHONEOS_DEPLOYMENT_TARGET = 18.4;
				MARKETING_VERSION = 1.0;
				PRODUCT_BUNDLE_IDENTIFIER = nielubowicz.metrognomeTests;
				PRODUCT_NAME = "$(TARGET_NAME)";
				SWIFT_EMIT_LOC_STRINGS = NO;
				SWIFT_VERSION = 5.0;
				TARGETED_DEVICE_FAMILY = "1,2";
				TEST_HOST = "$(BUILT_PRODUCTS_DIR)/metrognome.app/$(BUNDLE_EXECUTABLE_FOLDER_PATH)/metrognome";
			};
			name = Debug;
		};
		04B46FF52DC2AF40003B3538 /* Release */ = {
			isa = XCBuildConfiguration;
			buildSettings = {
				BUNDLE_LOADER = "$(TEST_HOST)";
				CODE_SIGN_STYLE = Automatic;
				CURRENT_PROJECT_VERSION = 1;
				DEVELOPMENT_TEAM = 9RH4L8S898;
				GENERATE_INFOPLIST_FILE = YES;
				IPHONEOS_DEPLOYMENT_TARGET = 18.4;
				MARKETING_VERSION = 1.0;
				PRODUCT_BUNDLE_IDENTIFIER = nielubowicz.metrognomeTests;
				PRODUCT_NAME = "$(TARGET_NAME)";
				SWIFT_EMIT_LOC_STRINGS = NO;
				SWIFT_VERSION = 5.0;
				TARGETED_DEVICE_FAMILY = "1,2";
				TEST_HOST = "$(BUILT_PRODUCTS_DIR)/metrognome.app/$(BUNDLE_EXECUTABLE_FOLDER_PATH)/metrognome";
			};
			name = Release;
		};
		04B46FF72DC2AF40003B3538 /* Debug */ = {
			isa = XCBuildConfiguration;
			buildSettings = {
				CODE_SIGN_STYLE = Automatic;
				CURRENT_PROJECT_VERSION = 1;
				DEVELOPMENT_TEAM = 9RH4L8S898;
				GENERATE_INFOPLIST_FILE = YES;
				MARKETING_VERSION = 1.0;
				PRODUCT_BUNDLE_IDENTIFIER = nielubowicz.metrognomeUITests;
				PRODUCT_NAME = "$(TARGET_NAME)";
				SWIFT_EMIT_LOC_STRINGS = NO;
				SWIFT_VERSION = 5.0;
				TARGETED_DEVICE_FAMILY = "1,2";
				TEST_TARGET_NAME = metrognome;
			};
			name = Debug;
		};
		04B46FF82DC2AF40003B3538 /* Release */ = {
			isa = XCBuildConfiguration;
			buildSettings = {
				CODE_SIGN_STYLE = Automatic;
				CURRENT_PROJECT_VERSION = 1;
				DEVELOPMENT_TEAM = 9RH4L8S898;
				GENERATE_INFOPLIST_FILE = YES;
				MARKETING_VERSION = 1.0;
				PRODUCT_BUNDLE_IDENTIFIER = nielubowicz.metrognomeUITests;
				PRODUCT_NAME = "$(TARGET_NAME)";
				SWIFT_EMIT_LOC_STRINGS = NO;
				SWIFT_VERSION = 5.0;
				TARGETED_DEVICE_FAMILY = "1,2";
				TEST_TARGET_NAME = metrognome;
			};
			name = Release;
		};
/* End XCBuildConfiguration section */

/* Begin XCConfigurationList section */
		04B46FCA2DC2AF3E003B3538 /* Build configuration list for PBXProject "metrognome" */ = {
			isa = XCConfigurationList;
			buildConfigurations = (
				04B46FEE2DC2AF40003B3538 /* Debug */,
				04B46FEF2DC2AF40003B3538 /* Release */,
			);
			defaultConfigurationIsVisible = 0;
			defaultConfigurationName = Release;
		};
		04B46FF02DC2AF40003B3538 /* Build configuration list for PBXNativeTarget "metrognomo" */ = {
			isa = XCConfigurationList;
			buildConfigurations = (
				04B46FF12DC2AF40003B3538 /* Debug */,
				04B46FF22DC2AF40003B3538 /* Release */,
			);
			defaultConfigurationIsVisible = 0;
			defaultConfigurationName = Release;
		};
		04B46FF32DC2AF40003B3538 /* Build configuration list for PBXNativeTarget "metrognomeTests" */ = {
			isa = XCConfigurationList;
			buildConfigurations = (
				04B46FF42DC2AF40003B3538 /* Debug */,
				04B46FF52DC2AF40003B3538 /* Release */,
			);
			defaultConfigurationIsVisible = 0;
			defaultConfigurationName = Release;
		};
		04B46FF62DC2AF40003B3538 /* Build configuration list for PBXNativeTarget "metrognomeUITests" */ = {
			isa = XCConfigurationList;
			buildConfigurations = (
				04B46FF72DC2AF40003B3538 /* Debug */,
				04B46FF82DC2AF40003B3538 /* Release */,
			);
			defaultConfigurationIsVisible = 0;
			defaultConfigurationName = Release;
		};
/* End XCConfigurationList section */
	};
	rootObject = 04B46FC72DC2AF3E003B3538 /* Project object */;
}
